
Microsoft Visual Studio Solution File, Format Version 12.00
# Visual Studio 15
VisualStudioVersion = 15.0.28307.572
MinimumVisualStudioVersion = 10.0.40219.1
Project("{FAE04EC0-301F-11D3-BF4B-00C04F79EFBC}") = "Workshop5_CPRG214_WebApp", "Workshop5_CPRG214_WebApp\Workshop5_CPRG214_WebApp.csproj", "{BD97A028-15AF-4D48-8D3B-F0AF213D87D2}"
EndProject
Global
	GlobalSection(SolutionConfigurationPlatforms) = preSolution
		Debug|Any CPU = Debug|Any CPU
		Release|Any CPU = Release|Any CPU
	EndGlobalSection
	GlobalSection(ProjectConfigurationPlatforms) = postSolution
		{BD97A028-15AF-4D48-8D3B-F0AF213D87D2}.Debug|Any CPU.ActiveCfg = Debug|Any CPU
		{BD97A028-15AF-4D48-8D3B-F0AF213D87D2}.Debug|Any CPU.Build.0 = Debug|Any CPU
		{BD97A028-15AF-4D48-8D3B-F0AF213D87D2}.Release|Any CPU.ActiveCfg = Release|Any CPU
		{BD97A028-15AF-4D48-8D3B-F0AF213D87D2}.Release|Any CPU.Build.0 = Release|Any CPU
	EndGlobalSection
	GlobalSection(SolutionProperties) = preSolution
		HideSolutionNode = FALSE
	EndGlobalSection
	GlobalSection(ExtensibilityGlobals) = postSolution
		SolutionGuid = {3AD4B1EB-12AE-4950-AFA9-78616ABB89A9}
	EndGlobalSection
EndGlobal
